
Microsoft Visual Studio Solution File, Format Version 12.00
# Visual Studio Version 17
VisualStudioVersion = 17.6.33829.357
MinimumVisualStudioVersion = 10.0.40219.1
Project("{8BC9CEB8-8B4A-11D0-8D11-00A0C91BC942}") = "C_进阶_自定义类型：结构体", "C_进阶_自定义类型：结构体\C_进阶_自定义类型：结构体.vcxproj", "{CF6A5F41-255B-4BDA-B439-2599BA8D8BB6}"
EndProject
Global
	GlobalSection(SolutionConfigurationPlatforms) = preSolution
		Debug|x64 = Debug|x64
		Debug|x86 = Debug|x86
		Release|x64 = Release|x64
		Release|x86 = Release|x86
	EndGlobalSection
	GlobalSection(ProjectConfigurationPlatforms) = postSolution
		{CF6A5F41-255B-4BDA-B439-2599BA8D8BB6}.Debug|x64.ActiveCfg = Debug|x64
		{CF6A5F41-255B-4BDA-B439-2599BA8D8BB6}.Debug|x64.Build.0 = Debug|x64
		{CF6A5F41-255B-4BDA-B439-2599BA8D8BB6}.Debug|x86.ActiveCfg = Debug|Win32
		{CF6A5F41-255B-4BDA-B439-2599BA8D8BB6}.Debug|x86.Build.0 = Debug|Win32
		{CF6A5F41-255B-4BDA-B439-2599BA8D8BB6}.Release|x64.ActiveCfg = Release|x64
		{CF6A5F41-255B-4BDA-B439-2599BA8D8BB6}.Release|x64.Build.0 = Release|x64
		{CF6A5F41-255B-4BDA-B439-2599BA8D8BB6}.Release|x86.ActiveCfg = Release|Win32
		{CF6A5F41-255B-4BDA-B439-2599BA8D8BB6}.Release|x86.Build.0 = Release|Win32
	EndGlobalSection
	GlobalSection(SolutionProperties) = preSolution
		HideSolutionNode = FALSE
	EndGlobalSection
	GlobalSection(ExtensibilityGlobals) = postSolution
		SolutionGuid = {856B560E-8A5E-47C0-88D4-530D8C8ED47E}
	EndGlobalSection
EndGlobal
