
Microsoft Visual Studio Solution File, Format Version 12.00
# Visual Studio Version 17
VisualStudioVersion = 17.6.33829.357
MinimumVisualStudioVersion = 10.0.40219.1
Project("{8BC9CEB8-8B4A-11D0-8D11-00A0C91BC942}") = "C_进阶.test", "C_进阶.test\C_进阶.test.vcxproj", "{372C3294-72B3-4738-B5D1-890C9235C403}"
EndProject
Global
	GlobalSection(SolutionConfigurationPlatforms) = preSolution
		Debug|x64 = Debug|x64
		Debug|x86 = Debug|x86
		Release|x64 = Release|x64
		Release|x86 = Release|x86
	EndGlobalSection
	GlobalSection(ProjectConfigurationPlatforms) = postSolution
		{372C3294-72B3-4738-B5D1-890C9235C403}.Debug|x64.ActiveCfg = Debug|x64
		{372C3294-72B3-4738-B5D1-890C9235C403}.Debug|x64.Build.0 = Debug|x64
		{372C3294-72B3-4738-B5D1-890C9235C403}.Debug|x86.ActiveCfg = Debug|Win32
		{372C3294-72B3-4738-B5D1-890C9235C403}.Debug|x86.Build.0 = Debug|Win32
		{372C3294-72B3-4738-B5D1-890C9235C403}.Release|x64.ActiveCfg = Release|x64
		{372C3294-72B3-4738-B5D1-890C9235C403}.Release|x64.Build.0 = Release|x64
		{372C3294-72B3-4738-B5D1-890C9235C403}.Release|x86.ActiveCfg = Release|Win32
		{372C3294-72B3-4738-B5D1-890C9235C403}.Release|x86.Build.0 = Release|Win32
	EndGlobalSection
	GlobalSection(SolutionProperties) = preSolution
		HideSolutionNode = FALSE
	EndGlobalSection
	GlobalSection(ExtensibilityGlobals) = postSolution
		SolutionGuid = {0DD8DD25-5046-4256-A38D-636A892A3597}
	EndGlobalSection
EndGlobal
